
Microsoft Visual Studio Solution File, Format Version 11.00
# Visual Studio 2010
Project("{FAE04EC0-301F-11D3-BF4B-00C04F79EFBC}") = "Arcanoid Invaders", "Assembly-CSharp.csproj", "{A413EB6A-768C-3B02-C7B9-C40DF4B95070}"
EndProject
Project("{FAE04EC0-301F-11D3-BF4B-00C04F79EFBC}") = "Arcanoid Invaders", "Assembly-CSharp-firstpass.csproj", "{AD9952F0-7DEC-6859-9100-0D7E7B0FCA30}"
EndProject
Project("{FAE04EC0-301F-11D3-BF4B-00C04F79EFBC}") = "Arcanoid Invaders", "Assembly-CSharp-Editor-firstpass.csproj", "{6158A24A-33A5-7B21-7B3B-C6513C9B6E16}"
EndProject
Global
	GlobalSection(SolutionConfigurationPlatforms) = preSolution
		Debug|Any CPU = Debug|Any CPU
		Release|Any CPU = Release|Any CPU
	EndGlobalSection
	GlobalSection(ProjectConfigurationPlatforms) = postSolution
		{A413EB6A-768C-3B02-C7B9-C40DF4B95070}.Debug|Any CPU.ActiveCfg = Debug|Any CPU
		{A413EB6A-768C-3B02-C7B9-C40DF4B95070}.Debug|Any CPU.Build.0 = Debug|Any CPU
		{A413EB6A-768C-3B02-C7B9-C40DF4B95070}.Release|Any CPU.ActiveCfg = Release|Any CPU
		{A413EB6A-768C-3B02-C7B9-C40DF4B95070}.Release|Any CPU.Build.0 = Release|Any CPU
		{AD9952F0-7DEC-6859-9100-0D7E7B0FCA30}.Debug|Any CPU.ActiveCfg = Debug|Any CPU
		{AD9952F0-7DEC-6859-9100-0D7E7B0FCA30}.Debug|Any CPU.Build.0 = Debug|Any CPU
		{AD9952F0-7DEC-6859-9100-0D7E7B0FCA30}.Release|Any CPU.ActiveCfg = Release|Any CPU
		{AD9952F0-7DEC-6859-9100-0D7E7B0FCA30}.Release|Any CPU.Build.0 = Release|Any CPU
		{6158A24A-33A5-7B21-7B3B-C6513C9B6E16}.Debug|Any CPU.ActiveCfg = Debug|Any CPU
		{6158A24A-33A5-7B21-7B3B-C6513C9B6E16}.Debug|Any CPU.Build.0 = Debug|Any CPU
		{6158A24A-33A5-7B21-7B3B-C6513C9B6E16}.Release|Any CPU.ActiveCfg = Release|Any CPU
		{6158A24A-33A5-7B21-7B3B-C6513C9B6E16}.Release|Any CPU.Build.0 = Release|Any CPU
	EndGlobalSection
	GlobalSection(SolutionProperties) = preSolution
		HideSolutionNode = FALSE
	EndGlobalSection
	GlobalSection(MonoDevelopProperties) = preSolution
		StartupItem = Assembly-CSharp.csproj
	EndGlobalSection
EndGlobal
